
Microsoft Visual Studio Solution File, Format Version 12.00
# Visual Studio Version 16
VisualStudioVersion = 16.0.809.6
MinimumVisualStudioVersion = 10.0.40219.1
Project("{FAE04EC0-301F-11D3-BF4B-00C04F79EFBC}") = "employees-uploader-server", "employees-uploader-server\employees-uploader-server.csproj", "{D5FE7E82-BE36-43FE-8B5E-FC2F20432789}"
EndProject
Project("{FAE04EC0-301F-11D3-BF4B-00C04F79EFBC}") = "IoC", "IoC\IoC.csproj", "{7D421A83-9AC8-4E83-9741-E33B51D95899}"
EndProject
Project("{FAE04EC0-301F-11D3-BF4B-00C04F79EFBC}") = "Data", "Data\Data.csproj", "{16EFD178-5A11-44B0-982F-E4DE340AC7DB}"
EndProject
Global
	GlobalSection(SolutionConfigurationPlatforms) = preSolution
		Debug|Any CPU = Debug|Any CPU
		Release|Any CPU = Release|Any CPU
	EndGlobalSection
	GlobalSection(ProjectConfigurationPlatforms) = postSolution
		{D5FE7E82-BE36-43FE-8B5E-FC2F20432789}.Debug|Any CPU.ActiveCfg = Debug|Any CPU
		{D5FE7E82-BE36-43FE-8B5E-FC2F20432789}.Debug|Any CPU.Build.0 = Debug|Any CPU
		{D5FE7E82-BE36-43FE-8B5E-FC2F20432789}.Release|Any CPU.ActiveCfg = Release|Any CPU
		{D5FE7E82-BE36-43FE-8B5E-FC2F20432789}.Release|Any CPU.Build.0 = Release|Any CPU
		{7D421A83-9AC8-4E83-9741-E33B51D95899}.Debug|Any CPU.ActiveCfg = Debug|Any CPU
		{7D421A83-9AC8-4E83-9741-E33B51D95899}.Debug|Any CPU.Build.0 = Debug|Any CPU
		{7D421A83-9AC8-4E83-9741-E33B51D95899}.Release|Any CPU.ActiveCfg = Release|Any CPU
		{7D421A83-9AC8-4E83-9741-E33B51D95899}.Release|Any CPU.Build.0 = Release|Any CPU
		{16EFD178-5A11-44B0-982F-E4DE340AC7DB}.Debug|Any CPU.ActiveCfg = Debug|Any CPU
		{16EFD178-5A11-44B0-982F-E4DE340AC7DB}.Debug|Any CPU.Build.0 = Debug|Any CPU
		{16EFD178-5A11-44B0-982F-E4DE340AC7DB}.Release|Any CPU.ActiveCfg = Release|Any CPU
		{16EFD178-5A11-44B0-982F-E4DE340AC7DB}.Release|Any CPU.Build.0 = Release|Any CPU
	EndGlobalSection
	GlobalSection(SolutionProperties) = preSolution
		HideSolutionNode = FALSE
	EndGlobalSection
	GlobalSection(ExtensibilityGlobals) = postSolution
		SolutionGuid = {6CF83676-B6CF-4907-B14F-5B3802262A29}
	EndGlobalSection
EndGlobal
